
Microsoft Visual Studio Solution File, Format Version 12.00
# Visual Studio 14
VisualStudioVersion = 14.0.24720.0
MinimumVisualStudioVersion = 10.0.40219.1
Project("{8BC9CEB8-8B4A-11D0-8D11-00A0C91BC942}") = "Client", "Client\Client.vcxproj", "{8E7E93CC-3CF8-4F7D-AA70-F551350802C6}"
EndProject
Project("{8BC9CEB8-8B4A-11D0-8D11-00A0C91BC942}") = "Server", "Server\Server.vcxproj", "{5C112A4E-2CEE-4449-8221-B064884482F3}"
EndProject
Global
	GlobalSection(SolutionConfigurationPlatforms) = preSolution
		Debug|x64 = Debug|x64
		Debug|x86 = Debug|x86
		Release|x64 = Release|x64
		Release|x86 = Release|x86
	EndGlobalSection
	GlobalSection(ProjectConfigurationPlatforms) = postSolution
		{8E7E93CC-3CF8-4F7D-AA70-F551350802C6}.Debug|x64.ActiveCfg = Debug|x64
		{8E7E93CC-3CF8-4F7D-AA70-F551350802C6}.Debug|x64.Build.0 = Debug|x64
		{8E7E93CC-3CF8-4F7D-AA70-F551350802C6}.Debug|x86.ActiveCfg = Debug|Win32
		{8E7E93CC-3CF8-4F7D-AA70-F551350802C6}.Debug|x86.Build.0 = Debug|Win32
		{8E7E93CC-3CF8-4F7D-AA70-F551350802C6}.Release|x64.ActiveCfg = Release|x64
		{8E7E93CC-3CF8-4F7D-AA70-F551350802C6}.Release|x64.Build.0 = Release|x64
		{8E7E93CC-3CF8-4F7D-AA70-F551350802C6}.Release|x86.ActiveCfg = Release|Win32
		{8E7E93CC-3CF8-4F7D-AA70-F551350802C6}.Release|x86.Build.0 = Release|Win32
		{5C112A4E-2CEE-4449-8221-B064884482F3}.Debug|x64.ActiveCfg = Debug|x64
		{5C112A4E-2CEE-4449-8221-B064884482F3}.Debug|x64.Build.0 = Debug|x64
		{5C112A4E-2CEE-4449-8221-B064884482F3}.Debug|x86.ActiveCfg = Debug|Win32
		{5C112A4E-2CEE-4449-8221-B064884482F3}.Debug|x86.Build.0 = Debug|Win32
		{5C112A4E-2CEE-4449-8221-B064884482F3}.Release|x64.ActiveCfg = Release|x64
		{5C112A4E-2CEE-4449-8221-B064884482F3}.Release|x64.Build.0 = Release|x64
		{5C112A4E-2CEE-4449-8221-B064884482F3}.Release|x86.ActiveCfg = Release|Win32
		{5C112A4E-2CEE-4449-8221-B064884482F3}.Release|x86.Build.0 = Release|Win32
	EndGlobalSection
	GlobalSection(SolutionProperties) = preSolution
		HideSolutionNode = FALSE
	EndGlobalSection
EndGlobal
